<?xml version="1.0" encoding="UTF-8" standalone="yes" ?>
<CodeBlocks_project_file>
	<FileVersion major="1" minor="6" />
	<Project>
		<Option title="congres" />
		<Option pch_mode="2" />
		<Option compiler="gcc" />
		<Build>
			<Target title="Debug">
				<Option output="bin/Debug/congres" prefix_auto="1" extension_auto="1" />
				<Option object_output="obj/Debug/" />
				<Option type="1" />
				<Option compiler="gcc" />
				<Compiler>
					<Add option="-g" />
				</Compiler>
			</Target>
			<Target title="Release">
				<Option output="bin/Release/congres" prefix_auto="1" extension_auto="1" />
				<Option object_output="obj/Release/" />
				<Option type="1" />
				<Option compiler="gcc" />
				<Compiler>
					<Add option="-O2" />
				</Compiler>
				<Linker>
					<Add option="-s" />
				</Linker>
			</Target>
		</Build>
		<Compiler>
			<Add option="-Wall" />
			<Add option="-fexceptions" />
		</Compiler>
		<Unit filename="Artisant.cpp" />
		<Unit filename="Artisant.h" />
		<Unit filename="Atelier.cpp" />
		<Unit filename="Atelier.h" />
		<Unit filename="Congre.cpp" />
		<Unit filename="Congre.h" />
		<Unit filename="Connexion.cpp" />
		<Unit filename="Connexion.h" />
		<Unit filename="Creation.cpp" />
		<Unit filename="Creation.h" />
		<Unit filename="Evenement.cpp" />
		<Unit filename="Evenement.h" />
		<Unit filename="MyException.h" />
		<Unit filename="Participant.cpp" />
		<Unit filename="Participant.h" />
		<Unit filename="Personne.cpp" />
		<Unit filename="Personne.h" />
		<Unit filename="Resultat.cpp" />
		<Unit filename="Resultat.h" />
		<Unit filename="Stand.cpp" />
		<Unit filename="Stand.h" />
		<Unit filename="StoreCreation.cpp" />
		<Unit filename="StoreCreation.h" />
		<Unit filename="main.cpp" />
		<Extensions>
			<lib_finder disable_auto="1" />
		</Extensions>
	</Project>
</CodeBlocks_project_file>
